
Microsoft Visual Studio Solution File, Format Version 12.00
# Visual Studio Version 17
VisualStudioVersion = 17.2.32802.462
MinimumVisualStudioVersion = 10.0.40219.1
Project("{9A19103F-16F7-4668-BE54-9A1E7A4F7556}") = "Karat_pair_of_2sAnd3s", "DSA\Karat_pair_of_2sAnd3s.csproj", "{75E7F3D9-C294-4B84-A2E7-DB00ED2B2806}"
EndProject
Project("{9A19103F-16F7-4668-BE54-9A1E7A4F7556}") = "karat_unsortedLogs", "karat_unsortedLogs\karat_unsortedLogs.csproj", "{CA738B1E-FF5D-4A2E-B11C-6D91C44C0AE2}"
EndProject
Project("{9A19103F-16F7-4668-BE54-9A1E7A4F7556}") = "TwoSum", "TwoSum\TwoSum.csproj", "{E7C78814-B557-45E5-9652-8A19BF1A5816}"
EndProject
Project("{9A19103F-16F7-4668-BE54-9A1E7A4F7556}") = "Knapsack-0-1", "Knapsack\Knapsack-0-1.csproj", "{27CC8DAB-5A2F-4F78-88B6-AA7144EFED25}"
EndProject
Project("{9A19103F-16F7-4668-BE54-9A1E7A4F7556}") = "Recurrsion", "Recurrsion\Recurrsion.csproj", "{2592B1F7-A2D6-4446-AA06-FF7619A32A96}"
EndProject
Project("{9A19103F-16F7-4668-BE54-9A1E7A4F7556}") = "AddtoArray-FormofInteger", "AddtoArray-FormofInteger\AddtoArray-FormofInteger.csproj", "{A7E26B77-988C-48C2-B2B8-C4074F66FDC7}"
EndProject
Project("{9A19103F-16F7-4668-BE54-9A1E7A4F7556}") = "MaximumDepthofBinaryTree", "MaximumDepthofBinaryTree\MaximumDepthofBinaryTree.csproj", "{CC76D0CE-089C-49FD-8101-095910505941}"
EndProject
Project("{9A19103F-16F7-4668-BE54-9A1E7A4F7556}") = "Invert_mirror_BinaryTree", "Invert_mirror_BinaryTree\Invert_mirror_BinaryTree.csproj", "{E30D4126-C883-4943-8EFE-A31DE8AC9004}"
EndProject
Project("{9A19103F-16F7-4668-BE54-9A1E7A4F7556}") = "MinimumDistanceBetweenBSTNodes", "MinimumDistanceBetweenBSTNodes\MinimumDistanceBetweenBSTNodes.csproj", "{5386D227-9F5F-4E36-A2B5-82EDA7EB7174}"
EndProject
Project("{9A19103F-16F7-4668-BE54-9A1E7A4F7556}") = "MinimumDistanceBetweenBSTNodes_OptimizedApproach", "MinimumDistanceBetweenBSTNodes_OptimizedApproach\MinimumDistanceBetweenBSTNodes_OptimizedApproach.csproj", "{9046A930-4214-4358-8F5F-F372E9A58186}"
EndProject
Project("{9A19103F-16F7-4668-BE54-9A1E7A4F7556}") = "SearchInsertPosition", "SearchInsertPosition\SearchInsertPosition.csproj", "{DEC78A48-8224-4464-9FF6-800685F5EF20}"
EndProject
Project("{9A19103F-16F7-4668-BE54-9A1E7A4F7556}") = "BinaryTreeZigzagLevelOrderTraversal", "BinaryTreeZigzagLevelOrderTraversal\BinaryTreeZigzagLevelOrderTraversal.csproj", "{C8B5195D-C611-483A-AE3F-FA8AF8672874}"
EndProject
Project("{9A19103F-16F7-4668-BE54-9A1E7A4F7556}") = "SingleElementinaSortedArray", "SingleElementinaSortedArray\SingleElementinaSortedArray.csproj", "{D2EF3BAF-F169-402F-BFE8-FD08AB347C53}"
EndProject
Project("{9A19103F-16F7-4668-BE54-9A1E7A4F7556}") = "CapacityToShipPackagesWithinDDays", "CapacityToShipPackagesWithinDDays\CapacityToShipPackagesWithinDDays.csproj", "{D3743C1E-DF8E-406D-829E-8BE3108EB26F}"
EndProject
Project("{9A19103F-16F7-4668-BE54-9A1E7A4F7556}") = "IPO", "IPO\IPO.csproj", "{790AA5D2-D226-4D51-A4B0-811993294D6C}"
EndProject
Project("{9A19103F-16F7-4668-BE54-9A1E7A4F7556}") = "MinimizeDeviationinArray", "MinimizeDeviationinArray\MinimizeDeviationinArray.csproj", "{F0EA3971-D18A-46D7-B2CD-2040D6C85239}"
EndProject
Project("{9A19103F-16F7-4668-BE54-9A1E7A4F7556}") = "BestTimetoBuyandSellStock", "BestTimetoBuyandSellStock\BestTimetoBuyandSellStock.csproj", "{7E9B44C0-FE28-4AA3-AE67-DD80839D37D2}"
EndProject
Project("{9A19103F-16F7-4668-BE54-9A1E7A4F7556}") = "RemoveDuplicatesfromSortedArray", "RemoveDuplicatesfromSortedArray\RemoveDuplicatesfromSortedArray.csproj", "{2802CD1C-511E-4831-AE27-786721103BD8}"
EndProject
Project("{9A19103F-16F7-4668-BE54-9A1E7A4F7556}") = "RemoveElement", "RemoveElement\RemoveElement.csproj", "{60E4B88B-648C-4204-8741-D3180D9CC87B}"
EndProject
Project("{9A19103F-16F7-4668-BE54-9A1E7A4F7556}") = "EditDistance", "EditDistance\EditDistance.csproj", "{11FC248C-FFC1-4D3D-9353-1A6F07EB7D19}"
EndProject
Project("{9A19103F-16F7-4668-BE54-9A1E7A4F7556}") = "ConstructQuadTree", "ConstructQuadTree\ConstructQuadTree.csproj", "{2579608B-E48A-4363-B412-3A241A6F57BB}"
EndProject
Project("{9A19103F-16F7-4668-BE54-9A1E7A4F7556}") = "FindDuplicateSubtrees", "FindDuplicateSubtrees\FindDuplicateSubtrees.csproj", "{1EF5DA50-DC9F-4F94-BA9D-DC2D300995FC}"
EndProject
Project("{9A19103F-16F7-4668-BE54-9A1E7A4F7556}") = "Count Odd Numbers in an Interval Range", "Count Odd Numbers in an Interval Range\Count Odd Numbers in an Interval Range.csproj", "{E1994B37-63B5-461C-A5BF-C3F55B935F61}"
EndProject
Project("{9A19103F-16F7-4668-BE54-9A1E7A4F7556}") = "Add Binary", "Add Binary\Add Binary.csproj", "{CB7A99A1-72EE-437C-8D45-F6CB5E52F3A9}"
EndProject
Project("{9A19103F-16F7-4668-BE54-9A1E7A4F7556}") = "Sort an Array", "Sort an Array\Sort an Array.csproj", "{E8B1C4E3-88C2-42AA-B465-39092B477BF2}"
EndProject
Project("{9A19103F-16F7-4668-BE54-9A1E7A4F7556}") = "String Compression", "String Compression\String Compression.csproj", "{C4811AB3-EE3F-41DB-A183-7B2C1F7983BC}"
EndProject
Project("{9A19103F-16F7-4668-BE54-9A1E7A4F7556}") = "Find the Index of the First Occurrence in a String", "Find the Index of the First Occurrence in a String\Find the Index of the First Occurrence in a String.csproj", "{BE09EA9E-8EAA-4BAB-AFE7-75359636EA89}"
EndProject
Project("{9A19103F-16F7-4668-BE54-9A1E7A4F7556}") = "Count Subarrays With Fixed Bounds", "Count Subarrays With Fixed Bounds\Count Subarrays With Fixed Bounds.csproj", "{1A01DA3B-1445-46CA-89EB-293BAFC21598}"
EndProject
Project("{9A19103F-16F7-4668-BE54-9A1E7A4F7556}") = "Jump Game IV", "Jump Game IV\Jump Game IV.csproj", "{174F9516-37A0-41C3-86C8-EB0B29B5813F}"
EndProject
Project("{9A19103F-16F7-4668-BE54-9A1E7A4F7556}") = "Kth Missing Positive Number", "Kth Missing Positive Number\Kth Missing Positive Number.csproj", "{8488265C-9F71-4D02-A594-D692D400134A}"
EndProject
Project("{9A19103F-16F7-4668-BE54-9A1E7A4F7556}") = "Roman to Integer", "Roman to Integer\Roman to Integer.csproj", "{EBDA6853-B641-4F5A-AF49-FEB0A337C4C3}"
EndProject
Project("{9A19103F-16F7-4668-BE54-9A1E7A4F7556}") = "Linked List Cycle II", "Linked List Cycle II\Linked List Cycle II.csproj", "{2CDEED73-AC90-4C77-80B7-7AD59A67B53C}"
EndProject
Project("{9A19103F-16F7-4668-BE54-9A1E7A4F7556}") = "Merge k Sorted Lists", "Merge k Sorted Lists\Merge k Sorted Lists.csproj", "{079B3594-CA61-4DB7-8DF4-9C3CE130E707}"
EndProject
Project("{9A19103F-16F7-4668-BE54-9A1E7A4F7556}") = "ConstructBinaryTreefromInorderandPostorderTraversal", "ConstructBinaryTreefromInorderandPostorderTraversal\ConstructBinaryTreefromInorderandPostorderTraversal.csproj", "{5206B3EA-3B4D-4697-AA2A-270D28186A38}"
EndProject
Project("{9A19103F-16F7-4668-BE54-9A1E7A4F7556}") = "Implement Trie (Prefix Tree)", "Implement Trie (Prefix Tree)\Implement Trie (Prefix Tree).csproj", "{9233DF55-1E80-4544-84B8-3C9D15A218B0}"
EndProject
Project("{9A19103F-16F7-4668-BE54-9A1E7A4F7556}") = "Can Place Flowers", "Can Place Flowers\Can Place Flowers.csproj", "{46BE1144-3D7C-4BA1-9147-C88790BB172B}"
EndProject
Project("{9A19103F-16F7-4668-BE54-9A1E7A4F7556}") = "Number of Zero-Filled Subarrays", "Number of Zero-Filled Subarrays\Number of Zero-Filled Subarrays.csproj", "{9B011228-CBBC-428D-A51D-1C4A43B8E929}"
EndProject
Project("{9A19103F-16F7-4668-BE54-9A1E7A4F7556}") = "Minimum Score of a Path Between Two Cities", "Minimum Score of a Path Between Two Cities\Minimum Score of a Path Between Two Cities.csproj", "{9A0910CB-8AB2-4C5B-8E42-D1E769B788EA}"
EndProject
Project("{9A19103F-16F7-4668-BE54-9A1E7A4F7556}") = "Reorder Routes to Make All Paths Lead to the City Zero", "Reorder Routes to Make All Paths Lead to the City Zero\Reorder Routes to Make All Paths Lead to the City Zero.csproj", "{879D187B-B0A0-441C-925C-994C03236892}"
EndProject
Project("{9A19103F-16F7-4668-BE54-9A1E7A4F7556}") = "Count Unreachable Pairs of Nodes in an Undirected Graph", "Count Unreachable Pairs of Nodes in an Undirected Graph\Count Unreachable Pairs of Nodes in an Undirected Graph.csproj", "{3B7A653D-1ACF-49A3-BF2B-38C17268C91B}"
EndProject
Project("{9A19103F-16F7-4668-BE54-9A1E7A4F7556}") = "Longest Cycle in a Graph", "Longest Cycle in a Graph\Longest Cycle in a Graph.csproj", "{6F27242C-C388-4E74-B5E5-B4971AE0B89E}"
EndProject
Project("{9A19103F-16F7-4668-BE54-9A1E7A4F7556}") = "Minimum Path Sum", "Minimum Path Sum\Minimum Path Sum.csproj", "{7BAE6874-92DB-430C-8A68-192AADA2275B}"
EndProject
Project("{9A19103F-16F7-4668-BE54-9A1E7A4F7556}") = "Minimum Cost For Tickets", "Minimum Cost For Tickets\Minimum Cost For Tickets.csproj", "{655BBD86-57A1-44CD-A44F-FD3B15CE1B98}"
EndProject
Project("{9A19103F-16F7-4668-BE54-9A1E7A4F7556}") = "Minimum Cost For Tickets using DP", "Minimum Cost For Tickets using DP\Minimum Cost For Tickets using DP.csproj", "{14843A8E-D0D7-413C-A1D0-68CCDDF2EC58}"
EndProject
Project("{9A19103F-16F7-4668-BE54-9A1E7A4F7556}") = "Reducing Dishes", "Reducing Dishes\Reducing Dishes.csproj", "{C0D3B6DB-0A07-476B-962E-398C66F7BC27}"
EndProject
Project("{9A19103F-16F7-4668-BE54-9A1E7A4F7556}") = "Successful Pairs of Spells and Potions", "Successful Pairs of Spells and Potions\Successful Pairs of Spells and Potions.csproj", "{67C030BE-6C0E-4421-87C9-652B6FAB9D68}"
EndProject
Project("{9A19103F-16F7-4668-BE54-9A1E7A4F7556}") = "Boats to Save People", "Boats to Save People\Boats to Save People.csproj", "{8CCB4264-0FF2-4053-90C7-B9FEE8EAA1C5}"
EndProject
Project("{9A19103F-16F7-4668-BE54-9A1E7A4F7556}") = "Optimal Partition of String", "Optimal Partition of String\Optimal Partition of String.csproj", "{AD394826-9925-455C-AB9D-E1A912CED23D}"
EndProject
Project("{9A19103F-16F7-4668-BE54-9A1E7A4F7556}") = "Number of Closed Islands", "Number of Closed Islands\Number of Closed Islands.csproj", "{3DB213C7-6D99-4ED6-B4F0-E9E43A9626CC}"
EndProject
Project("{9A19103F-16F7-4668-BE54-9A1E7A4F7556}") = "Number of Enclaves", "Number of Enclaves\Number of Enclaves.csproj", "{7A2D27F5-148C-4125-8D66-E281C2F412EF}"
EndProject
Project("{9A19103F-16F7-4668-BE54-9A1E7A4F7556}") = "Clone Graph", "Clone Graph\Clone Graph.csproj", "{3CD08DDF-4CCA-490C-A6BA-0306DC184B4D}"
EndProject
Project("{9A19103F-16F7-4668-BE54-9A1E7A4F7556}") = "Removing Stars From a String", "Removing Stars From a String\Removing Stars From a String.csproj", "{72D13295-6934-4D3F-9821-2F41C6FFDF7A}"
EndProject
Project("{9A19103F-16F7-4668-BE54-9A1E7A4F7556}") = "Simplify Path", "Simplify Path\Simplify Path.csproj", "{851B305B-FD36-4D29-858D-4612860D045A}"
EndProject
Project("{9A19103F-16F7-4668-BE54-9A1E7A4F7556}") = "Validate Stack Sequences", "Validate Stack Sequences\Validate Stack Sequences.csproj", "{7BE050EC-E3AF-44B1-87F3-B973ECD10024}"
EndProject
Project("{9A19103F-16F7-4668-BE54-9A1E7A4F7556}") = "Maximum Value of K Coins From Piles", "Maximum Value of K Coins From Piles\Maximum Value of K Coins From Piles.csproj", "{DD2C86EA-BB85-4B75-876E-1850D98297D8}"
EndProject
Project("{9A19103F-16F7-4668-BE54-9A1E7A4F7556}") = "Kids With the Greatest Number of Candies", "Kids With the Greatest Number of Candies\Kids With the Greatest Number of Candies.csproj", "{9E31B37C-283B-40F8-BC26-CD79FCEEFB90}"
EndProject
Project("{9A19103F-16F7-4668-BE54-9A1E7A4F7556}") = "Longest Common Prefix", "Longest Common Prefix\Longest Common Prefix.csproj", "{058B6D57-86A5-4D42-913E-52652DF51E8A}"
EndProject
Project("{9A19103F-16F7-4668-BE54-9A1E7A4F7556}") = "Length of Last Word", "Length of Last Word\Length of Last Word.csproj", "{80A8BFA9-AB27-4117-A495-1C7513328C8B}"
EndProject
Project("{9A19103F-16F7-4668-BE54-9A1E7A4F7556}") = "Merge Strings Alternately", "Merge Strings Alternately\Merge Strings Alternately.csproj", "{44FA59F5-7B05-4019-95A2-4F78B3AD291D}"
EndProject
Project("{9A19103F-16F7-4668-BE54-9A1E7A4F7556}") = "Longest ZigZag Path in a Binary Tree", "Longest ZigZag Path in a Binary Tree\Longest ZigZag Path in a Binary Tree.csproj", "{01E281ED-3109-41AE-A270-786AB1D13A6F}"
EndProject
Project("{9A19103F-16F7-4668-BE54-9A1E7A4F7556}") = "Maximum Width of Binary Tree", "Maximum Width of Binary Tree\Maximum Width of Binary Tree.csproj", "{3D4AE7B2-B3E2-4DA6-9EB9-BB33799F1EAF}"
EndProject
Project("{9A19103F-16F7-4668-BE54-9A1E7A4F7556}") = "Minimum Insertion Steps to Make a String Palindrome", "Minimum Insertion Steps to Make a String Palindrome\Minimum Insertion Steps to Make a String Palindrome.csproj", "{7E551364-661A-4ED2-AB2B-2DDAD02C2B13}"
EndProject
Project("{9A19103F-16F7-4668-BE54-9A1E7A4F7556}") = "Last Stone Weight", "Last Stone Weight\Last Stone Weight.csproj", "{637B6981-DA30-4569-AA2B-C442872C82CE}"
EndProject
Project("{9A19103F-16F7-4668-BE54-9A1E7A4F7556}") = "Smallest Number in Infinite Set", "Smallest Number in Infinite Set\Smallest Number in Infinite Set.csproj", "{58A10F80-EC35-4FA4-9E98-255B5ED38702}"
EndProject
Project("{9A19103F-16F7-4668-BE54-9A1E7A4F7556}") = "Matrix Diagonal Sum", "Matrix Diagonal Sum\Matrix Diagonal Sum.csproj", "{F1F09DF7-BBFE-4D1C-99BE-D93A7FF62B99}"
EndProject
Project("{9A19103F-16F7-4668-BE54-9A1E7A4F7556}") = "Spiral Matrix II", "Spiral Matrix II\Spiral Matrix II.csproj", "{5F163B9F-567F-420A-855F-7168E2F06A93}"
EndProject
Project("{9A19103F-16F7-4668-BE54-9A1E7A4F7556}") = "338-CountingBits", "C:\Users\santosk\Desktop\338-CountingBits\338-CountingBits.csproj", "{1008262C-962C-46F4-B166-1C270E0CC4B8}"
EndProject
Project("{9A19103F-16F7-4668-BE54-9A1E7A4F7556}") = "ExtraCharactersinaString", "ExtraCharactersinaString\ExtraCharactersinaString.csproj", "{966D3BF6-4341-47F0-8097-B8953FE90AD6}"
EndProject
Project("{FAE04EC0-301F-11D3-BF4B-00C04F79EFBC}") = "UniquePaths", "UniquePaths\UniquePaths.csproj", "{A1721525-F704-4667-AC3A-4A1314DE2B26}"
EndProject
Global
	GlobalSection(SolutionConfigurationPlatforms) = preSolution
		Debug|Any CPU = Debug|Any CPU
		Release|Any CPU = Release|Any CPU
	EndGlobalSection
	GlobalSection(ProjectConfigurationPlatforms) = postSolution
		{75E7F3D9-C294-4B84-A2E7-DB00ED2B2806}.Debug|Any CPU.ActiveCfg = Debug|Any CPU
		{75E7F3D9-C294-4B84-A2E7-DB00ED2B2806}.Debug|Any CPU.Build.0 = Debug|Any CPU
		{75E7F3D9-C294-4B84-A2E7-DB00ED2B2806}.Release|Any CPU.ActiveCfg = Release|Any CPU
		{75E7F3D9-C294-4B84-A2E7-DB00ED2B2806}.Release|Any CPU.Build.0 = Release|Any CPU
		{CA738B1E-FF5D-4A2E-B11C-6D91C44C0AE2}.Debug|Any CPU.ActiveCfg = Debug|Any CPU
		{CA738B1E-FF5D-4A2E-B11C-6D91C44C0AE2}.Debug|Any CPU.Build.0 = Debug|Any CPU
		{CA738B1E-FF5D-4A2E-B11C-6D91C44C0AE2}.Release|Any CPU.ActiveCfg = Release|Any CPU
		{CA738B1E-FF5D-4A2E-B11C-6D91C44C0AE2}.Release|Any CPU.Build.0 = Release|Any CPU
		{E7C78814-B557-45E5-9652-8A19BF1A5816}.Debug|Any CPU.ActiveCfg = Debug|Any CPU
		{E7C78814-B557-45E5-9652-8A19BF1A5816}.Debug|Any CPU.Build.0 = Debug|Any CPU
		{E7C78814-B557-45E5-9652-8A19BF1A5816}.Release|Any CPU.ActiveCfg = Release|Any CPU
		{E7C78814-B557-45E5-9652-8A19BF1A5816}.Release|Any CPU.Build.0 = Release|Any CPU
		{27CC8DAB-5A2F-4F78-88B6-AA7144EFED25}.Debug|Any CPU.ActiveCfg = Debug|Any CPU
		{27CC8DAB-5A2F-4F78-88B6-AA7144EFED25}.Debug|Any CPU.Build.0 = Debug|Any CPU
		{27CC8DAB-5A2F-4F78-88B6-AA7144EFED25}.Release|Any CPU.ActiveCfg = Release|Any CPU
		{27CC8DAB-5A2F-4F78-88B6-AA7144EFED25}.Release|Any CPU.Build.0 = Release|Any CPU
		{2592B1F7-A2D6-4446-AA06-FF7619A32A96}.Debug|Any CPU.ActiveCfg = Debug|Any CPU
		{2592B1F7-A2D6-4446-AA06-FF7619A32A96}.Debug|Any CPU.Build.0 = Debug|Any CPU
		{2592B1F7-A2D6-4446-AA06-FF7619A32A96}.Release|Any CPU.ActiveCfg = Release|Any CPU
		{2592B1F7-A2D6-4446-AA06-FF7619A32A96}.Release|Any CPU.Build.0 = Release|Any CPU
		{A7E26B77-988C-48C2-B2B8-C4074F66FDC7}.Debug|Any CPU.ActiveCfg = Debug|Any CPU
		{A7E26B77-988C-48C2-B2B8-C4074F66FDC7}.Debug|Any CPU.Build.0 = Debug|Any CPU
		{A7E26B77-988C-48C2-B2B8-C4074F66FDC7}.Release|Any CPU.ActiveCfg = Release|Any CPU
		{A7E26B77-988C-48C2-B2B8-C4074F66FDC7}.Release|Any CPU.Build.0 = Release|Any CPU
		{CC76D0CE-089C-49FD-8101-095910505941}.Debug|Any CPU.ActiveCfg = Debug|Any CPU
		{CC76D0CE-089C-49FD-8101-095910505941}.Debug|Any CPU.Build.0 = Debug|Any CPU
		{CC76D0CE-089C-49FD-8101-095910505941}.Release|Any CPU.ActiveCfg = Release|Any CPU
		{CC76D0CE-089C-49FD-8101-095910505941}.Release|Any CPU.Build.0 = Release|Any CPU
		{E30D4126-C883-4943-8EFE-A31DE8AC9004}.Debug|Any CPU.ActiveCfg = Debug|Any CPU
		{E30D4126-C883-4943-8EFE-A31DE8AC9004}.Debug|Any CPU.Build.0 = Debug|Any CPU
		{E30D4126-C883-4943-8EFE-A31DE8AC9004}.Release|Any CPU.ActiveCfg = Release|Any CPU
		{E30D4126-C883-4943-8EFE-A31DE8AC9004}.Release|Any CPU.Build.0 = Release|Any CPU
		{5386D227-9F5F-4E36-A2B5-82EDA7EB7174}.Debug|Any CPU.ActiveCfg = Debug|Any CPU
		{5386D227-9F5F-4E36-A2B5-82EDA7EB7174}.Debug|Any CPU.Build.0 = Debug|Any CPU
		{5386D227-9F5F-4E36-A2B5-82EDA7EB7174}.Release|Any CPU.ActiveCfg = Release|Any CPU
		{5386D227-9F5F-4E36-A2B5-82EDA7EB7174}.Release|Any CPU.Build.0 = Release|Any CPU
		{9046A930-4214-4358-8F5F-F372E9A58186}.Debug|Any CPU.ActiveCfg = Debug|Any CPU
		{9046A930-4214-4358-8F5F-F372E9A58186}.Debug|Any CPU.Build.0 = Debug|Any CPU
		{9046A930-4214-4358-8F5F-F372E9A58186}.Release|Any CPU.ActiveCfg = Release|Any CPU
		{9046A930-4214-4358-8F5F-F372E9A58186}.Release|Any CPU.Build.0 = Release|Any CPU
		{DEC78A48-8224-4464-9FF6-800685F5EF20}.Debug|Any CPU.ActiveCfg = Debug|Any CPU
		{DEC78A48-8224-4464-9FF6-800685F5EF20}.Debug|Any CPU.Build.0 = Debug|Any CPU
		{DEC78A48-8224-4464-9FF6-800685F5EF20}.Release|Any CPU.ActiveCfg = Release|Any CPU
		{DEC78A48-8224-4464-9FF6-800685F5EF20}.Release|Any CPU.Build.0 = Release|Any CPU
		{C8B5195D-C611-483A-AE3F-FA8AF8672874}.Debug|Any CPU.ActiveCfg = Debug|Any CPU
		{C8B5195D-C611-483A-AE3F-FA8AF8672874}.Debug|Any CPU.Build.0 = Debug|Any CPU
		{C8B5195D-C611-483A-AE3F-FA8AF8672874}.Release|Any CPU.ActiveCfg = Release|Any CPU
		{C8B5195D-C611-483A-AE3F-FA8AF8672874}.Release|Any CPU.Build.0 = Release|Any CPU
		{D2EF3BAF-F169-402F-BFE8-FD08AB347C53}.Debug|Any CPU.ActiveCfg = Debug|Any CPU
		{D2EF3BAF-F169-402F-BFE8-FD08AB347C53}.Debug|Any CPU.Build.0 = Debug|Any CPU
		{D2EF3BAF-F169-402F-BFE8-FD08AB347C53}.Release|Any CPU.ActiveCfg = Release|Any CPU
		{D2EF3BAF-F169-402F-BFE8-FD08AB347C53}.Release|Any CPU.Build.0 = Release|Any CPU
		{D3743C1E-DF8E-406D-829E-8BE3108EB26F}.Debug|Any CPU.ActiveCfg = Debug|Any CPU
		{D3743C1E-DF8E-406D-829E-8BE3108EB26F}.Debug|Any CPU.Build.0 = Debug|Any CPU
		{D3743C1E-DF8E-406D-829E-8BE3108EB26F}.Release|Any CPU.ActiveCfg = Release|Any CPU
		{D3743C1E-DF8E-406D-829E-8BE3108EB26F}.Release|Any CPU.Build.0 = Release|Any CPU
		{790AA5D2-D226-4D51-A4B0-811993294D6C}.Debug|Any CPU.ActiveCfg = Debug|Any CPU
		{790AA5D2-D226-4D51-A4B0-811993294D6C}.Debug|Any CPU.Build.0 = Debug|Any CPU
		{790AA5D2-D226-4D51-A4B0-811993294D6C}.Release|Any CPU.ActiveCfg = Release|Any CPU
		{790AA5D2-D226-4D51-A4B0-811993294D6C}.Release|Any CPU.Build.0 = Release|Any CPU
		{F0EA3971-D18A-46D7-B2CD-2040D6C85239}.Debug|Any CPU.ActiveCfg = Debug|Any CPU
		{F0EA3971-D18A-46D7-B2CD-2040D6C85239}.Debug|Any CPU.Build.0 = Debug|Any CPU
		{F0EA3971-D18A-46D7-B2CD-2040D6C85239}.Release|Any CPU.ActiveCfg = Release|Any CPU
		{F0EA3971-D18A-46D7-B2CD-2040D6C85239}.Release|Any CPU.Build.0 = Release|Any CPU
		{7E9B44C0-FE28-4AA3-AE67-DD80839D37D2}.Debug|Any CPU.ActiveCfg = Debug|Any CPU
		{7E9B44C0-FE28-4AA3-AE67-DD80839D37D2}.Debug|Any CPU.Build.0 = Debug|Any CPU
		{7E9B44C0-FE28-4AA3-AE67-DD80839D37D2}.Release|Any CPU.ActiveCfg = Release|Any CPU
		{7E9B44C0-FE28-4AA3-AE67-DD80839D37D2}.Release|Any CPU.Build.0 = Release|Any CPU
		{2802CD1C-511E-4831-AE27-786721103BD8}.Debug|Any CPU.ActiveCfg = Debug|Any CPU
		{2802CD1C-511E-4831-AE27-786721103BD8}.Debug|Any CPU.Build.0 = Debug|Any CPU
		{2802CD1C-511E-4831-AE27-786721103BD8}.Release|Any CPU.ActiveCfg = Release|Any CPU
		{2802CD1C-511E-4831-AE27-786721103BD8}.Release|Any CPU.Build.0 = Release|Any CPU
		{60E4B88B-648C-4204-8741-D3180D9CC87B}.Debug|Any CPU.ActiveCfg = Debug|Any CPU
		{60E4B88B-648C-4204-8741-D3180D9CC87B}.Debug|Any CPU.Build.0 = Debug|Any CPU
		{60E4B88B-648C-4204-8741-D3180D9CC87B}.Release|Any CPU.ActiveCfg = Release|Any CPU
		{60E4B88B-648C-4204-8741-D3180D9CC87B}.Release|Any CPU.Build.0 = Release|Any CPU
		{11FC248C-FFC1-4D3D-9353-1A6F07EB7D19}.Debug|Any CPU.ActiveCfg = Debug|Any CPU
		{11FC248C-FFC1-4D3D-9353-1A6F07EB7D19}.Debug|Any CPU.Build.0 = Debug|Any CPU
		{11FC248C-FFC1-4D3D-9353-1A6F07EB7D19}.Release|Any CPU.ActiveCfg = Release|Any CPU
		{11FC248C-FFC1-4D3D-9353-1A6F07EB7D19}.Release|Any CPU.Build.0 = Release|Any CPU
		{2579608B-E48A-4363-B412-3A241A6F57BB}.Debug|Any CPU.ActiveCfg = Debug|Any CPU
		{2579608B-E48A-4363-B412-3A241A6F57BB}.Debug|Any CPU.Build.0 = Debug|Any CPU
		{2579608B-E48A-4363-B412-3A241A6F57BB}.Release|Any CPU.ActiveCfg = Release|Any CPU
		{2579608B-E48A-4363-B412-3A241A6F57BB}.Release|Any CPU.Build.0 = Release|Any CPU
		{1EF5DA50-DC9F-4F94-BA9D-DC2D300995FC}.Debug|Any CPU.ActiveCfg = Debug|Any CPU
		{1EF5DA50-DC9F-4F94-BA9D-DC2D300995FC}.Debug|Any CPU.Build.0 = Debug|Any CPU
		{1EF5DA50-DC9F-4F94-BA9D-DC2D300995FC}.Release|Any CPU.ActiveCfg = Release|Any CPU
		{1EF5DA50-DC9F-4F94-BA9D-DC2D300995FC}.Release|Any CPU.Build.0 = Release|Any CPU
		{E1994B37-63B5-461C-A5BF-C3F55B935F61}.Debug|Any CPU.ActiveCfg = Debug|Any CPU
		{E1994B37-63B5-461C-A5BF-C3F55B935F61}.Debug|Any CPU.Build.0 = Debug|Any CPU
		{E1994B37-63B5-461C-A5BF-C3F55B935F61}.Release|Any CPU.ActiveCfg = Release|Any CPU
		{E1994B37-63B5-461C-A5BF-C3F55B935F61}.Release|Any CPU.Build.0 = Release|Any CPU
		{CB7A99A1-72EE-437C-8D45-F6CB5E52F3A9}.Debug|Any CPU.ActiveCfg = Debug|Any CPU
		{CB7A99A1-72EE-437C-8D45-F6CB5E52F3A9}.Debug|Any CPU.Build.0 = Debug|Any CPU
		{CB7A99A1-72EE-437C-8D45-F6CB5E52F3A9}.Release|Any CPU.ActiveCfg = Release|Any CPU
		{CB7A99A1-72EE-437C-8D45-F6CB5E52F3A9}.Release|Any CPU.Build.0 = Release|Any CPU
		{E8B1C4E3-88C2-42AA-B465-39092B477BF2}.Debug|Any CPU.ActiveCfg = Debug|Any CPU
		{E8B1C4E3-88C2-42AA-B465-39092B477BF2}.Debug|Any CPU.Build.0 = Debug|Any CPU
		{E8B1C4E3-88C2-42AA-B465-39092B477BF2}.Release|Any CPU.ActiveCfg = Release|Any CPU
		{E8B1C4E3-88C2-42AA-B465-39092B477BF2}.Release|Any CPU.Build.0 = Release|Any CPU
		{C4811AB3-EE3F-41DB-A183-7B2C1F7983BC}.Debug|Any CPU.ActiveCfg = Debug|Any CPU
		{C4811AB3-EE3F-41DB-A183-7B2C1F7983BC}.Debug|Any CPU.Build.0 = Debug|Any CPU
		{C4811AB3-EE3F-41DB-A183-7B2C1F7983BC}.Release|Any CPU.ActiveCfg = Release|Any CPU
		{C4811AB3-EE3F-41DB-A183-7B2C1F7983BC}.Release|Any CPU.Build.0 = Release|Any CPU
		{BE09EA9E-8EAA-4BAB-AFE7-75359636EA89}.Debug|Any CPU.ActiveCfg = Debug|Any CPU
		{BE09EA9E-8EAA-4BAB-AFE7-75359636EA89}.Debug|Any CPU.Build.0 = Debug|Any CPU
		{BE09EA9E-8EAA-4BAB-AFE7-75359636EA89}.Release|Any CPU.ActiveCfg = Release|Any CPU
		{BE09EA9E-8EAA-4BAB-AFE7-75359636EA89}.Release|Any CPU.Build.0 = Release|Any CPU
		{1A01DA3B-1445-46CA-89EB-293BAFC21598}.Debug|Any CPU.ActiveCfg = Debug|Any CPU
		{1A01DA3B-1445-46CA-89EB-293BAFC21598}.Debug|Any CPU.Build.0 = Debug|Any CPU
		{1A01DA3B-1445-46CA-89EB-293BAFC21598}.Release|Any CPU.ActiveCfg = Release|Any CPU
		{1A01DA3B-1445-46CA-89EB-293BAFC21598}.Release|Any CPU.Build.0 = Release|Any CPU
		{174F9516-37A0-41C3-86C8-EB0B29B5813F}.Debug|Any CPU.ActiveCfg = Debug|Any CPU
		{174F9516-37A0-41C3-86C8-EB0B29B5813F}.Debug|Any CPU.Build.0 = Debug|Any CPU
		{174F9516-37A0-41C3-86C8-EB0B29B5813F}.Release|Any CPU.ActiveCfg = Release|Any CPU
		{174F9516-37A0-41C3-86C8-EB0B29B5813F}.Release|Any CPU.Build.0 = Release|Any CPU
		{8488265C-9F71-4D02-A594-D692D400134A}.Debug|Any CPU.ActiveCfg = Debug|Any CPU
		{8488265C-9F71-4D02-A594-D692D400134A}.Debug|Any CPU.Build.0 = Debug|Any CPU
		{8488265C-9F71-4D02-A594-D692D400134A}.Release|Any CPU.ActiveCfg = Release|Any CPU
		{8488265C-9F71-4D02-A594-D692D400134A}.Release|Any CPU.Build.0 = Release|Any CPU
		{EBDA6853-B641-4F5A-AF49-FEB0A337C4C3}.Debug|Any CPU.ActiveCfg = Debug|Any CPU
		{EBDA6853-B641-4F5A-AF49-FEB0A337C4C3}.Debug|Any CPU.Build.0 = Debug|Any CPU
		{EBDA6853-B641-4F5A-AF49-FEB0A337C4C3}.Release|Any CPU.ActiveCfg = Release|Any CPU
		{EBDA6853-B641-4F5A-AF49-FEB0A337C4C3}.Release|Any CPU.Build.0 = Release|Any CPU
		{2CDEED73-AC90-4C77-80B7-7AD59A67B53C}.Debug|Any CPU.ActiveCfg = Debug|Any CPU
		{2CDEED73-AC90-4C77-80B7-7AD59A67B53C}.Debug|Any CPU.Build.0 = Debug|Any CPU
		{2CDEED73-AC90-4C77-80B7-7AD59A67B53C}.Release|Any CPU.ActiveCfg = Release|Any CPU
		{2CDEED73-AC90-4C77-80B7-7AD59A67B53C}.Release|Any CPU.Build.0 = Release|Any CPU
		{079B3594-CA61-4DB7-8DF4-9C3CE130E707}.Debug|Any CPU.ActiveCfg = Debug|Any CPU
		{079B3594-CA61-4DB7-8DF4-9C3CE130E707}.Debug|Any CPU.Build.0 = Debug|Any CPU
		{079B3594-CA61-4DB7-8DF4-9C3CE130E707}.Release|Any CPU.ActiveCfg = Release|Any CPU
		{079B3594-CA61-4DB7-8DF4-9C3CE130E707}.Release|Any CPU.Build.0 = Release|Any CPU
		{5206B3EA-3B4D-4697-AA2A-270D28186A38}.Debug|Any CPU.ActiveCfg = Debug|Any CPU
		{5206B3EA-3B4D-4697-AA2A-270D28186A38}.Debug|Any CPU.Build.0 = Debug|Any CPU
		{5206B3EA-3B4D-4697-AA2A-270D28186A38}.Release|Any CPU.ActiveCfg = Release|Any CPU
		{5206B3EA-3B4D-4697-AA2A-270D28186A38}.Release|Any CPU.Build.0 = Release|Any CPU
		{9233DF55-1E80-4544-84B8-3C9D15A218B0}.Debug|Any CPU.ActiveCfg = Debug|Any CPU
		{9233DF55-1E80-4544-84B8-3C9D15A218B0}.Debug|Any CPU.Build.0 = Debug|Any CPU
		{9233DF55-1E80-4544-84B8-3C9D15A218B0}.Release|Any CPU.ActiveCfg = Release|Any CPU
		{9233DF55-1E80-4544-84B8-3C9D15A218B0}.Release|Any CPU.Build.0 = Release|Any CPU
		{46BE1144-3D7C-4BA1-9147-C88790BB172B}.Debug|Any CPU.ActiveCfg = Debug|Any CPU
		{46BE1144-3D7C-4BA1-9147-C88790BB172B}.Debug|Any CPU.Build.0 = Debug|Any CPU
		{46BE1144-3D7C-4BA1-9147-C88790BB172B}.Release|Any CPU.ActiveCfg = Release|Any CPU
		{46BE1144-3D7C-4BA1-9147-C88790BB172B}.Release|Any CPU.Build.0 = Release|Any CPU
		{9B011228-CBBC-428D-A51D-1C4A43B8E929}.Debug|Any CPU.ActiveCfg = Debug|Any CPU
		{9B011228-CBBC-428D-A51D-1C4A43B8E929}.Debug|Any CPU.Build.0 = Debug|Any CPU
		{9B011228-CBBC-428D-A51D-1C4A43B8E929}.Release|Any CPU.ActiveCfg = Release|Any CPU
		{9B011228-CBBC-428D-A51D-1C4A43B8E929}.Release|Any CPU.Build.0 = Release|Any CPU
		{9A0910CB-8AB2-4C5B-8E42-D1E769B788EA}.Debug|Any CPU.ActiveCfg = Debug|Any CPU
		{9A0910CB-8AB2-4C5B-8E42-D1E769B788EA}.Debug|Any CPU.Build.0 = Debug|Any CPU
		{9A0910CB-8AB2-4C5B-8E42-D1E769B788EA}.Release|Any CPU.ActiveCfg = Release|Any CPU
		{9A0910CB-8AB2-4C5B-8E42-D1E769B788EA}.Release|Any CPU.Build.0 = Release|Any CPU
		{879D187B-B0A0-441C-925C-994C03236892}.Debug|Any CPU.ActiveCfg = Debug|Any CPU
		{879D187B-B0A0-441C-925C-994C03236892}.Debug|Any CPU.Build.0 = Debug|Any CPU
		{879D187B-B0A0-441C-925C-994C03236892}.Release|Any CPU.ActiveCfg = Release|Any CPU
		{879D187B-B0A0-441C-925C-994C03236892}.Release|Any CPU.Build.0 = Release|Any CPU
		{3B7A653D-1ACF-49A3-BF2B-38C17268C91B}.Debug|Any CPU.ActiveCfg = Debug|Any CPU
		{3B7A653D-1ACF-49A3-BF2B-38C17268C91B}.Debug|Any CPU.Build.0 = Debug|Any CPU
		{3B7A653D-1ACF-49A3-BF2B-38C17268C91B}.Release|Any CPU.ActiveCfg = Release|Any CPU
		{3B7A653D-1ACF-49A3-BF2B-38C17268C91B}.Release|Any CPU.Build.0 = Release|Any CPU
		{6F27242C-C388-4E74-B5E5-B4971AE0B89E}.Debug|Any CPU.ActiveCfg = Debug|Any CPU
		{6F27242C-C388-4E74-B5E5-B4971AE0B89E}.Debug|Any CPU.Build.0 = Debug|Any CPU
		{6F27242C-C388-4E74-B5E5-B4971AE0B89E}.Release|Any CPU.ActiveCfg = Release|Any CPU
		{6F27242C-C388-4E74-B5E5-B4971AE0B89E}.Release|Any CPU.Build.0 = Release|Any CPU
		{7BAE6874-92DB-430C-8A68-192AADA2275B}.Debug|Any CPU.ActiveCfg = Debug|Any CPU
		{7BAE6874-92DB-430C-8A68-192AADA2275B}.Debug|Any CPU.Build.0 = Debug|Any CPU
		{7BAE6874-92DB-430C-8A68-192AADA2275B}.Release|Any CPU.ActiveCfg = Release|Any CPU
		{7BAE6874-92DB-430C-8A68-192AADA2275B}.Release|Any CPU.Build.0 = Release|Any CPU
		{655BBD86-57A1-44CD-A44F-FD3B15CE1B98}.Debug|Any CPU.ActiveCfg = Debug|Any CPU
		{655BBD86-57A1-44CD-A44F-FD3B15CE1B98}.Debug|Any CPU.Build.0 = Debug|Any CPU
		{655BBD86-57A1-44CD-A44F-FD3B15CE1B98}.Release|Any CPU.ActiveCfg = Release|Any CPU
		{655BBD86-57A1-44CD-A44F-FD3B15CE1B98}.Release|Any CPU.Build.0 = Release|Any CPU
		{14843A8E-D0D7-413C-A1D0-68CCDDF2EC58}.Debug|Any CPU.ActiveCfg = Debug|Any CPU
		{14843A8E-D0D7-413C-A1D0-68CCDDF2EC58}.Debug|Any CPU.Build.0 = Debug|Any CPU
		{14843A8E-D0D7-413C-A1D0-68CCDDF2EC58}.Release|Any CPU.ActiveCfg = Release|Any CPU
		{14843A8E-D0D7-413C-A1D0-68CCDDF2EC58}.Release|Any CPU.Build.0 = Release|Any CPU
		{C0D3B6DB-0A07-476B-962E-398C66F7BC27}.Debug|Any CPU.ActiveCfg = Debug|Any CPU
		{C0D3B6DB-0A07-476B-962E-398C66F7BC27}.Debug|Any CPU.Build.0 = Debug|Any CPU
		{C0D3B6DB-0A07-476B-962E-398C66F7BC27}.Release|Any CPU.ActiveCfg = Release|Any CPU
		{C0D3B6DB-0A07-476B-962E-398C66F7BC27}.Release|Any CPU.Build.0 = Release|Any CPU
		{67C030BE-6C0E-4421-87C9-652B6FAB9D68}.Debug|Any CPU.ActiveCfg = Debug|Any CPU
		{67C030BE-6C0E-4421-87C9-652B6FAB9D68}.Debug|Any CPU.Build.0 = Debug|Any CPU
		{67C030BE-6C0E-4421-87C9-652B6FAB9D68}.Release|Any CPU.ActiveCfg = Release|Any CPU
		{67C030BE-6C0E-4421-87C9-652B6FAB9D68}.Release|Any CPU.Build.0 = Release|Any CPU
		{8CCB4264-0FF2-4053-90C7-B9FEE8EAA1C5}.Debug|Any CPU.ActiveCfg = Debug|Any CPU
		{8CCB4264-0FF2-4053-90C7-B9FEE8EAA1C5}.Debug|Any CPU.Build.0 = Debug|Any CPU
		{8CCB4264-0FF2-4053-90C7-B9FEE8EAA1C5}.Release|Any CPU.ActiveCfg = Release|Any CPU
		{8CCB4264-0FF2-4053-90C7-B9FEE8EAA1C5}.Release|Any CPU.Build.0 = Release|Any CPU
		{AD394826-9925-455C-AB9D-E1A912CED23D}.Debug|Any CPU.ActiveCfg = Debug|Any CPU
		{AD394826-9925-455C-AB9D-E1A912CED23D}.Debug|Any CPU.Build.0 = Debug|Any CPU
		{AD394826-9925-455C-AB9D-E1A912CED23D}.Release|Any CPU.ActiveCfg = Release|Any CPU
		{AD394826-9925-455C-AB9D-E1A912CED23D}.Release|Any CPU.Build.0 = Release|Any CPU
		{3DB213C7-6D99-4ED6-B4F0-E9E43A9626CC}.Debug|Any CPU.ActiveCfg = Debug|Any CPU
		{3DB213C7-6D99-4ED6-B4F0-E9E43A9626CC}.Debug|Any CPU.Build.0 = Debug|Any CPU
		{3DB213C7-6D99-4ED6-B4F0-E9E43A9626CC}.Release|Any CPU.ActiveCfg = Release|Any CPU
		{3DB213C7-6D99-4ED6-B4F0-E9E43A9626CC}.Release|Any CPU.Build.0 = Release|Any CPU
		{7A2D27F5-148C-4125-8D66-E281C2F412EF}.Debug|Any CPU.ActiveCfg = Debug|Any CPU
		{7A2D27F5-148C-4125-8D66-E281C2F412EF}.Debug|Any CPU.Build.0 = Debug|Any CPU
		{7A2D27F5-148C-4125-8D66-E281C2F412EF}.Release|Any CPU.ActiveCfg = Release|Any CPU
		{7A2D27F5-148C-4125-8D66-E281C2F412EF}.Release|Any CPU.Build.0 = Release|Any CPU
		{3CD08DDF-4CCA-490C-A6BA-0306DC184B4D}.Debug|Any CPU.ActiveCfg = Debug|Any CPU
		{3CD08DDF-4CCA-490C-A6BA-0306DC184B4D}.Debug|Any CPU.Build.0 = Debug|Any CPU
		{3CD08DDF-4CCA-490C-A6BA-0306DC184B4D}.Release|Any CPU.ActiveCfg = Release|Any CPU
		{3CD08DDF-4CCA-490C-A6BA-0306DC184B4D}.Release|Any CPU.Build.0 = Release|Any CPU
		{72D13295-6934-4D3F-9821-2F41C6FFDF7A}.Debug|Any CPU.ActiveCfg = Debug|Any CPU
		{72D13295-6934-4D3F-9821-2F41C6FFDF7A}.Debug|Any CPU.Build.0 = Debug|Any CPU
		{72D13295-6934-4D3F-9821-2F41C6FFDF7A}.Release|Any CPU.ActiveCfg = Release|Any CPU
		{72D13295-6934-4D3F-9821-2F41C6FFDF7A}.Release|Any CPU.Build.0 = Release|Any CPU
		{851B305B-FD36-4D29-858D-4612860D045A}.Debug|Any CPU.ActiveCfg = Debug|Any CPU
		{851B305B-FD36-4D29-858D-4612860D045A}.Debug|Any CPU.Build.0 = Debug|Any CPU
		{851B305B-FD36-4D29-858D-4612860D045A}.Release|Any CPU.ActiveCfg = Release|Any CPU
		{851B305B-FD36-4D29-858D-4612860D045A}.Release|Any CPU.Build.0 = Release|Any CPU
		{7BE050EC-E3AF-44B1-87F3-B973ECD10024}.Debug|Any CPU.ActiveCfg = Debug|Any CPU
		{7BE050EC-E3AF-44B1-87F3-B973ECD10024}.Debug|Any CPU.Build.0 = Debug|Any CPU
		{7BE050EC-E3AF-44B1-87F3-B973ECD10024}.Release|Any CPU.ActiveCfg = Release|Any CPU
		{7BE050EC-E3AF-44B1-87F3-B973ECD10024}.Release|Any CPU.Build.0 = Release|Any CPU
		{DD2C86EA-BB85-4B75-876E-1850D98297D8}.Debug|Any CPU.ActiveCfg = Debug|Any CPU
		{DD2C86EA-BB85-4B75-876E-1850D98297D8}.Debug|Any CPU.Build.0 = Debug|Any CPU
		{DD2C86EA-BB85-4B75-876E-1850D98297D8}.Release|Any CPU.ActiveCfg = Release|Any CPU
		{DD2C86EA-BB85-4B75-876E-1850D98297D8}.Release|Any CPU.Build.0 = Release|Any CPU
		{9E31B37C-283B-40F8-BC26-CD79FCEEFB90}.Debug|Any CPU.ActiveCfg = Debug|Any CPU
		{9E31B37C-283B-40F8-BC26-CD79FCEEFB90}.Debug|Any CPU.Build.0 = Debug|Any CPU
		{9E31B37C-283B-40F8-BC26-CD79FCEEFB90}.Release|Any CPU.ActiveCfg = Release|Any CPU
		{9E31B37C-283B-40F8-BC26-CD79FCEEFB90}.Release|Any CPU.Build.0 = Release|Any CPU
		{058B6D57-86A5-4D42-913E-52652DF51E8A}.Debug|Any CPU.ActiveCfg = Debug|Any CPU
		{058B6D57-86A5-4D42-913E-52652DF51E8A}.Debug|Any CPU.Build.0 = Debug|Any CPU
		{058B6D57-86A5-4D42-913E-52652DF51E8A}.Release|Any CPU.ActiveCfg = Release|Any CPU
		{058B6D57-86A5-4D42-913E-52652DF51E8A}.Release|Any CPU.Build.0 = Release|Any CPU
		{80A8BFA9-AB27-4117-A495-1C7513328C8B}.Debug|Any CPU.ActiveCfg = Debug|Any CPU
		{80A8BFA9-AB27-4117-A495-1C7513328C8B}.Debug|Any CPU.Build.0 = Debug|Any CPU
		{80A8BFA9-AB27-4117-A495-1C7513328C8B}.Release|Any CPU.ActiveCfg = Release|Any CPU
		{80A8BFA9-AB27-4117-A495-1C7513328C8B}.Release|Any CPU.Build.0 = Release|Any CPU
		{44FA59F5-7B05-4019-95A2-4F78B3AD291D}.Debug|Any CPU.ActiveCfg = Debug|Any CPU
		{44FA59F5-7B05-4019-95A2-4F78B3AD291D}.Debug|Any CPU.Build.0 = Debug|Any CPU
		{44FA59F5-7B05-4019-95A2-4F78B3AD291D}.Release|Any CPU.ActiveCfg = Release|Any CPU
		{44FA59F5-7B05-4019-95A2-4F78B3AD291D}.Release|Any CPU.Build.0 = Release|Any CPU
		{01E281ED-3109-41AE-A270-786AB1D13A6F}.Debug|Any CPU.ActiveCfg = Debug|Any CPU
		{01E281ED-3109-41AE-A270-786AB1D13A6F}.Debug|Any CPU.Build.0 = Debug|Any CPU
		{01E281ED-3109-41AE-A270-786AB1D13A6F}.Release|Any CPU.ActiveCfg = Release|Any CPU
		{01E281ED-3109-41AE-A270-786AB1D13A6F}.Release|Any CPU.Build.0 = Release|Any CPU
		{3D4AE7B2-B3E2-4DA6-9EB9-BB33799F1EAF}.Debug|Any CPU.ActiveCfg = Debug|Any CPU
		{3D4AE7B2-B3E2-4DA6-9EB9-BB33799F1EAF}.Debug|Any CPU.Build.0 = Debug|Any CPU
		{3D4AE7B2-B3E2-4DA6-9EB9-BB33799F1EAF}.Release|Any CPU.ActiveCfg = Release|Any CPU
		{3D4AE7B2-B3E2-4DA6-9EB9-BB33799F1EAF}.Release|Any CPU.Build.0 = Release|Any CPU
		{7E551364-661A-4ED2-AB2B-2DDAD02C2B13}.Debug|Any CPU.ActiveCfg = Debug|Any CPU
		{7E551364-661A-4ED2-AB2B-2DDAD02C2B13}.Debug|Any CPU.Build.0 = Debug|Any CPU
		{7E551364-661A-4ED2-AB2B-2DDAD02C2B13}.Release|Any CPU.ActiveCfg = Release|Any CPU
		{7E551364-661A-4ED2-AB2B-2DDAD02C2B13}.Release|Any CPU.Build.0 = Release|Any CPU
		{637B6981-DA30-4569-AA2B-C442872C82CE}.Debug|Any CPU.ActiveCfg = Debug|Any CPU
		{637B6981-DA30-4569-AA2B-C442872C82CE}.Debug|Any CPU.Build.0 = Debug|Any CPU
		{637B6981-DA30-4569-AA2B-C442872C82CE}.Release|Any CPU.ActiveCfg = Release|Any CPU
		{637B6981-DA30-4569-AA2B-C442872C82CE}.Release|Any CPU.Build.0 = Release|Any CPU
		{58A10F80-EC35-4FA4-9E98-255B5ED38702}.Debug|Any CPU.ActiveCfg = Debug|Any CPU
		{58A10F80-EC35-4FA4-9E98-255B5ED38702}.Debug|Any CPU.Build.0 = Debug|Any CPU
		{58A10F80-EC35-4FA4-9E98-255B5ED38702}.Release|Any CPU.ActiveCfg = Release|Any CPU
		{58A10F80-EC35-4FA4-9E98-255B5ED38702}.Release|Any CPU.Build.0 = Release|Any CPU
		{F1F09DF7-BBFE-4D1C-99BE-D93A7FF62B99}.Debug|Any CPU.ActiveCfg = Debug|Any CPU
		{F1F09DF7-BBFE-4D1C-99BE-D93A7FF62B99}.Debug|Any CPU.Build.0 = Debug|Any CPU
		{F1F09DF7-BBFE-4D1C-99BE-D93A7FF62B99}.Release|Any CPU.ActiveCfg = Release|Any CPU
		{F1F09DF7-BBFE-4D1C-99BE-D93A7FF62B99}.Release|Any CPU.Build.0 = Release|Any CPU
		{5F163B9F-567F-420A-855F-7168E2F06A93}.Debug|Any CPU.ActiveCfg = Debug|Any CPU
		{5F163B9F-567F-420A-855F-7168E2F06A93}.Debug|Any CPU.Build.0 = Debug|Any CPU
		{5F163B9F-567F-420A-855F-7168E2F06A93}.Release|Any CPU.ActiveCfg = Release|Any CPU
		{5F163B9F-567F-420A-855F-7168E2F06A93}.Release|Any CPU.Build.0 = Release|Any CPU
		{1008262C-962C-46F4-B166-1C270E0CC4B8}.Debug|Any CPU.ActiveCfg = Debug|Any CPU
		{1008262C-962C-46F4-B166-1C270E0CC4B8}.Debug|Any CPU.Build.0 = Debug|Any CPU
		{1008262C-962C-46F4-B166-1C270E0CC4B8}.Release|Any CPU.ActiveCfg = Release|Any CPU
		{1008262C-962C-46F4-B166-1C270E0CC4B8}.Release|Any CPU.Build.0 = Release|Any CPU
		{966D3BF6-4341-47F0-8097-B8953FE90AD6}.Debug|Any CPU.ActiveCfg = Debug|Any CPU
		{966D3BF6-4341-47F0-8097-B8953FE90AD6}.Debug|Any CPU.Build.0 = Debug|Any CPU
		{966D3BF6-4341-47F0-8097-B8953FE90AD6}.Release|Any CPU.ActiveCfg = Release|Any CPU
		{966D3BF6-4341-47F0-8097-B8953FE90AD6}.Release|Any CPU.Build.0 = Release|Any CPU
		{A1721525-F704-4667-AC3A-4A1314DE2B26}.Debug|Any CPU.ActiveCfg = Debug|Any CPU
		{A1721525-F704-4667-AC3A-4A1314DE2B26}.Debug|Any CPU.Build.0 = Debug|Any CPU
		{A1721525-F704-4667-AC3A-4A1314DE2B26}.Release|Any CPU.ActiveCfg = Release|Any CPU
		{A1721525-F704-4667-AC3A-4A1314DE2B26}.Release|Any CPU.Build.0 = Release|Any CPU
	EndGlobalSection
	GlobalSection(SolutionProperties) = preSolution
		HideSolutionNode = FALSE
	EndGlobalSection
	GlobalSection(ExtensibilityGlobals) = postSolution
		SolutionGuid = {83A1C6F4-8580-417C-B50A-C11EFD461D04}
	EndGlobalSection
EndGlobal
